
Microsoft Visual Studio Solution File, Format Version 12.00
# Visual Studio 15
Project("{FAE04EC0-301F-11D3-BF4B-00C04F79EFBC}") = "Assembly-CSharp", "Assembly-CSharp.csproj", "{E031AABC-32B6-7231-43D2-B603DA8F7D94}"
EndProject
Project("{FAE04EC0-301F-11D3-BF4B-00C04F79EFBC}") = "Assembly-CSharp-Editor", "Assembly-CSharp-Editor.csproj", "{6EE0B192-5F12-A550-BDFC-84EFD55C354A}"
EndProject
Global
	GlobalSection(SolutionConfigurationPlatforms) = preSolution
		Debug|Any CPU = Debug|Any CPU
		Release|Any CPU = Release|Any CPU
	EndGlobalSection
	GlobalSection(ProjectConfigurationPlatforms) = postSolution
		{E031AABC-32B6-7231-43D2-B603DA8F7D94}.Debug|Any CPU.ActiveCfg = Debug|Any CPU
		{E031AABC-32B6-7231-43D2-B603DA8F7D94}.Debug|Any CPU.Build.0 = Debug|Any CPU
		{E031AABC-32B6-7231-43D2-B603DA8F7D94}.Release|Any CPU.ActiveCfg = Release|Any CPU
		{E031AABC-32B6-7231-43D2-B603DA8F7D94}.Release|Any CPU.Build.0 = Release|Any CPU
		{6EE0B192-5F12-A550-BDFC-84EFD55C354A}.Debug|Any CPU.ActiveCfg = Debug|Any CPU
		{6EE0B192-5F12-A550-BDFC-84EFD55C354A}.Debug|Any CPU.Build.0 = Debug|Any CPU
		{6EE0B192-5F12-A550-BDFC-84EFD55C354A}.Release|Any CPU.ActiveCfg = Release|Any CPU
		{6EE0B192-5F12-A550-BDFC-84EFD55C354A}.Release|Any CPU.Build.0 = Release|Any CPU
	EndGlobalSection
	GlobalSection(SolutionProperties) = preSolution
		HideSolutionNode = FALSE
	EndGlobalSection
EndGlobal
